// !$*UTF8*$!
{
	archiveVersion = 1;
	classes = {
	};
	objectVersion = 50;
	objects = {

/* Begin PBXBuildFile section */
		38DA1DD322665AFC001E2491 /* AppDelegate.swift in Sources */ = {isa = PBXBuildFile; fileRef = 38DA1DD222665AFC001E2491 /* AppDelegate.swift */; };
		38DA1DD522665AFC001E2491 /* ViewController.swift in Sources */ = {isa = PBXBuildFile; fileRef = 38DA1DD422665AFC001E2491 /* ViewController.swift */; };
		38DA1DD822665AFC001E2491 /* Main.storyboard in Resources */ = {isa = PBXBuildFile; fileRef = 38DA1DD622665AFC001E2491 /* Main.storyboard */; };
		38DA1DDB22665AFC001E2491 /* UsodeCoreData.xcdatamodeld in Sources */ = {isa = PBXBuildFile; fileRef = 38DA1DD922665AFC001E2491 /* UsodeCoreData.xcdatamodeld */; };
		38DA1DDD22665AFD001E2491 /* Assets.xcassets in Resources */ = {isa = PBXBuildFile; fileRef = 38DA1DDC22665AFD001E2491 /* Assets.xcassets */; };
		38DA1DE022665AFD001E2491 /* LaunchScreen.storyboard in Resources */ = {isa = PBXBuildFile; fileRef = 38DA1DDE22665AFD001E2491 /* LaunchScreen.storyboard */; };
		38DA1DE822666679001E2491 /* Tarea.swift in Sources */ = {isa = PBXBuildFile; fileRef = 38DA1DE722666679001E2491 /* Tarea.swift */; };
		38DA1DEA22666DE2001E2491 /* ViewControllerCrearTarea.swift in Sources */ = {isa = PBXBuildFile; fileRef = 38DA1DE922666DE2001E2491 /* ViewControllerCrearTarea.swift */; };
		38DA1DEC22667030001E2491 /* ViewControllerTareaCompletada.swift in Sources */ = {isa = PBXBuildFile; fileRef = 38DA1DEB22667030001E2491 /* ViewControllerTareaCompletada.swift */; };
/* End PBXBuildFile section */

/* Begin PBXFileReference section */
		38DA1DCF22665AFC001E2491 /* UsodeCoreData.app */ = {isa = PBXFileReference; explicitFileType = wrapper.application; includeInIndex = 0; path = UsodeCoreData.app; sourceTree = BUILT_PRODUCTS_DIR; };
		38DA1DD222665AFC001E2491 /* AppDelegate.swift */ = {isa = PBXFileReference; lastKnownFileType = sourcecode.swift; path = AppDelegate.swift; sourceTree = "<group>"; };
		38DA1DD422665AFC001E2491 /* ViewController.swift */ = {isa = PBXFileReference; lastKnownFileType = sourcecode.swift; path = ViewController.swift; sourceTree = "<group>"; };
		38DA1DD722665AFC001E2491 /* Base */ = {isa = PBXFileReference; lastKnownFileType = file.storyboard; name = Base; path = Base.lproj/Main.storyboard; sourceTree = "<group>"; };
		38DA1DDA22665AFC001E2491 /* UsodeCoreData.xcdatamodel */ = {isa = PBXFileReference; lastKnownFileType = wrapper.xcdatamodel; path = UsodeCoreData.xcdatamodel; sourceTree = "<group>"; };
		38DA1DDC22665AFD001E2491 /* Assets.xcassets */ = {isa = PBXFileReference; lastKnownFileType = folder.assetcatalog; path = Assets.xcassets; sourceTree = "<group>"; };
		38DA1DDF22665AFD001E2491 /* Base */ = {isa = PBXFileReference; lastKnownFileType = file.storyboard; name = Base; path = Base.lproj/LaunchScreen.storyboard; sourceTree = "<group>"; };
		38DA1DE122665AFD001E2491 /* Info.plist */ = {isa = PBXFileReference; lastKnownFileType = text.plist.xml; path = Info.plist; sourceTree = "<group>"; };
		38DA1DE722666679001E2491 /* Tarea.swift */ = {isa = PBXFileReference; lastKnownFileType = sourcecode.swift; path = Tarea.swift; sourceTree = "<group>"; };
		38DA1DE922666DE2001E2491 /* ViewControllerCrearTarea.swift */ = {isa = PBXFileReference; lastKnownFileType = sourcecode.swift; path = ViewControllerCrearTarea.swift; sourceTree = "<group>"; };
		38DA1DEB22667030001E2491 /* ViewControllerTareaCompletada.swift */ = {isa = PBXFileReference; lastKnownFileType = sourcecode.swift; path = ViewControllerTareaCompletada.swift; sourceTree = "<group>"; };
/* End PBXFileReference section */

/* Begin PBXFrameworksBuildPhase section */
		38DA1DCC22665AFC001E2491 /* Frameworks */ = {
			isa = PBXFrameworksBuildPhase;
			buildActionMask = 2147483647;
			files = (
			);
			runOnlyForDeploymentPostprocessing = 0;
		};
/* End PBXFrameworksBuildPhase section */

/* Begin PBXGroup section */
		38DA1DC622665AFC001E2491 = {
			isa = PBXGroup;
			children = (
				38DA1DD122665AFC001E2491 /* UsodeCoreData */,
				38DA1DD022665AFC001E2491 /* Products */,
			);
			sourceTree = "<group>";
		};
		38DA1DD022665AFC001E2491 /* Products */ = {
			isa = PBXGroup;
			children = (
				38DA1DCF22665AFC001E2491 /* UsodeCoreData.app */,
			);
			name = Products;
			sourceTree = "<group>";
		};
		38DA1DD122665AFC001E2491 /* UsodeCoreData */ = {
			isa = PBXGroup;
			children = (
				38DA1DD222665AFC001E2491 /* AppDelegate.swift */,
				38DA1DD422665AFC001E2491 /* ViewController.swift */,
				38DA1DEB22667030001E2491 /* ViewControllerTareaCompletada.swift */,
				38DA1DD622665AFC001E2491 /* Main.storyboard */,
				38DA1DE922666DE2001E2491 /* ViewControllerCrearTarea.swift */,
				38DA1DDC22665AFD001E2491 /* Assets.xcassets */,
				38DA1DDE22665AFD001E2491 /* LaunchScreen.storyboard */,
				38DA1DE122665AFD001E2491 /* Info.plist */,
				38DA1DD922665AFC001E2491 /* UsodeCoreData.xcdatamodeld */,
				38DA1DE722666679001E2491 /* Tarea.swift */,
			);
			path = UsodeCoreData;
			sourceTree = "<group>";
		};
/* End PBXGroup section */

/* Begin PBXNativeTarget section */
		38DA1DCE22665AFC001E2491 /* UsodeCoreData */ = {
			isa = PBXNativeTarget;
			buildConfigurationList = 38DA1DE422665AFD001E2491 /* Build configuration list for PBXNativeTarget "UsodeCoreData" */;
			buildPhases = (
				38DA1DCB22665AFC001E2491 /* Sources */,
				38DA1DCC22665AFC001E2491 /* Frameworks */,
				38DA1DCD22665AFC001E2491 /* Resources */,
			);
			buildRules = (
			);
			dependencies = (
			);
			name = UsodeCoreData;
			productName = UsodeCoreData;
			productReference = 38DA1DCF22665AFC001E2491 /* UsodeCoreData.app */;
			productType = "com.apple.product-type.application";
		};
/* End PBXNativeTarget section */

/* Begin PBXProject section */
		38DA1DC722665AFC001E2491 /* Project object */ = {
			isa = PBXProject;
			attributes = {
				LastSwiftUpdateCheck = 1010;
				LastUpgradeCheck = 1010;
				ORGANIZATIONNAME = "Carlos Alvarez";
				TargetAttributes = {
					38DA1DCE22665AFC001E2491 = {
						CreatedOnToolsVersion = 10.1;
					};
				};
			};
			buildConfigurationList = 38DA1DCA22665AFC001E2491 /* Build configuration list for PBXProject "UsodeCoreData" */;
			compatibilityVersion = "Xcode 9.3";
			developmentRegion = en;
			hasScannedForEncodings = 0;
			knownRegions = (
				en,
				Base,
			);
			mainGroup = 38DA1DC622665AFC001E2491;
			productRefGroup = 38DA1DD022665AFC001E2491 /* Products */;
			projectDirPath = "";
			projectRoot = "";
			targets = (
				38DA1DCE22665AFC001E2491 /* UsodeCoreData */,
			);
		};
/* End PBXProject section */

/* Begin PBXResourcesBuildPhase section */
		38DA1DCD22665AFC001E2491 /* Resources */ = {
			isa = PBXResourcesBuildPhase;
			buildActionMask = 2147483647;
			files = (
				38DA1DE022665AFD001E2491 /* LaunchScreen.storyboard in Resources */,
				38DA1DDD22665AFD001E2491 /* Assets.xcassets in Resources */,
				38DA1DD822665AFC001E2491 /* Main.storyboard in Resources */,
			);
			runOnlyForDeploymentPostprocessing = 0;
		};
/* End PBXResourcesBuildPhase section */

/* Begin PBXSourcesBuildPhase section */
		38DA1DCB22665AFC001E2491 /* Sources */ = {
			isa = PBXSourcesBuildPhase;
			buildActionMask = 2147483647;
			files = (
				38DA1DEC22667030001E2491 /* ViewControllerTareaCompletada.swift in Sources */,
				38DA1DD522665AFC001E2491 /* ViewController.swift in Sources */,
				38DA1DD322665AFC001E2491 /* AppDelegate.swift in Sources */,
				38DA1DDB22665AFC001E2491 /* UsodeCoreData.xcdatamodeld in Sources */,
				38DA1DE822666679001E2491 /* Tarea.swift in Sources */,
				38DA1DEA22666DE2001E2491 /* ViewControllerCrearTarea.swift in Sources */,
			);
			runOnlyForDeploymentPostprocessing = 0;
		};
/* End PBXSourcesBuildPhase section */

/* Begin PBXVariantGroup section */
		38DA1DD622665AFC001E2491 /* Main.storyboard */ = {
			isa = PBXVariantGroup;
			children = (
				38DA1DD722665AFC001E2491 /* Base */,
			);
			name = Main.storyboard;
			sourceTree = "<group>";
		};
		38DA1DDE22665AFD001E2491 /* LaunchScreen.storyboard */ = {
			isa = PBXVariantGroup;
			children = (
				38DA1DDF22665AFD001E2491 /* Base */,
			);
			name = LaunchScreen.storyboard;
			sourceTree = "<group>";
		};
/* End PBXVariantGroup section */

/* Begin XCBuildConfiguration section */
		38DA1DE222665AFD001E2491 /* Debug */ = {
			isa = XCBuildConfiguration;
			buildSettings = {
				ALWAYS_SEARCH_USER_PATHS = NO;
				CLANG_ANALYZER_NONNULL = YES;
				CLANG_ANALYZER_NUMBER_OBJECT_CONVERSION = YES_AGGRESSIVE;
				CLANG_CXX_LANGUAGE_STANDARD = "gnu++14";
				CLANG_CXX_LIBRARY = "libc++";
				CLANG_ENABLE_MODULES = YES;
				CLANG_ENABLE_OBJC_ARC = YES;
				CLANG_ENABLE_OBJC_WEAK = YES;
				CLANG_WARN_BLOCK_CAPTURE_AUTORELEASING = YES;
				CLANG_WARN_BOOL_CONVERSION = YES;
				CLANG_WARN_COMMA = YES;
				CLANG_WARN_CONSTANT_CONVERSION = YES;
				CLANG_WARN_DEPRECATED_OBJC_IMPLEMENTATIONS = YES;
				CLANG_WARN_DIRECT_OBJC_ISA_USAGE = YES_ERROR;
				CLANG_WARN_DOCUMENTATION_COMMENTS = YES;
				CLANG_WARN_EMPTY_BODY = YES;
				CLANG_WARN_ENUM_CONVERSION = YES;
				CLANG_WARN_INFINITE_RECURSION = YES;
				CLANG_WARN_INT_CONVERSION = YES;
				CLANG_WARN_NON_LITERAL_NULL_CONVERSION = YES;
				CLANG_WARN_OBJC_IMPLICIT_RETAIN_SELF = YES;
				CLANG_WARN_OBJC_LITERAL_CONVERSION = YES;
				CLANG_WARN_OBJC_ROOT_CLASS = YES_ERROR;
				CLANG_WARN_RANGE_LOOP_ANALYSIS = YES;
				CLANG_WARN_STRICT_PROTOTYPES = YES;
				CLANG_WARN_SUSPICIOUS_MOVE = YES;
				CLANG_WARN_UNGUARDED_AVAILABILITY = YES_AGGRESSIVE;
				CLANG_WARN_UNREACHABLE_CODE = YES;
				CLANG_WARN__DUPLICATE_METHOD_MATCH = YES;
				CODE_SIGN_IDENTITY = "iPhone Developer";
				COPY_PHASE_STRIP = NO;
				DEBUG_INFORMATION_FORMAT = dwarf;
				ENABLE_STRICT_OBJC_MSGSEND = YES;
				ENABLE_TESTABILITY = YES;
				GCC_C_LANGUAGE_STANDARD = gnu11;
				GCC_DYNAMIC_NO_PIC = NO;
				GCC_NO_COMMON_BLOCKS = YES;
				GCC_OPTIMIZATION_LEVEL = 0;
				GCC_PREPROCESSOR_DEFINITIONS = (
					"DEBUG=1",
					"$(inherited)",
				);
				GCC_WARN_64_TO_32_BIT_CONVERSION = YES;
				GCC_WARN_ABOUT_RETURN_TYPE = YES_ERROR;
				GCC_WARN_UNDECLARED_SELECTOR = YES;
				GCC_WARN_UNINITIALIZED_AUTOS = YES_AGGRESSIVE;
				GCC_WARN_UNUSED_FUNCTION = YES;
				GCC_WARN_UNUSED_VARIABLE = YES;
				IPHONEOS_DEPLOYMENT_TARGET = 12.1;
				MTL_ENABLE_DEBUG_INFO = INCLUDE_SOURCE;
				MTL_FAST_MATH = YES;
				ONLY_ACTIVE_ARCH = YES;
				SDKROOT = iphoneos;
				SWIFT_ACTIVE_COMPILATION_CONDITIONS = DEBUG;
				SWIFT_OPTIMIZATION_LEVEL = "-Onone";
			};
			name = Debug;
		};
		38DA1DE322665AFD001E2491 /* Release */ = {
			isa = XCBuildConfiguration;
			buildSettings = {
				ALWAYS_SEARCH_USER_PATHS = NO;
				CLANG_ANALYZER_NONNULL = YES;
				CLANG_ANALYZER_NUMBER_OBJECT_CONVERSION = YES_AGGRESSIVE;
				CLANG_CXX_LANGUAGE_STANDARD = "gnu++14";
				CLANG_CXX_LIBRARY = "libc++";
				CLANG_ENABLE_MODULES = YES;
				CLANG_ENABLE_OBJC_ARC = YES;
				CLANG_ENABLE_OBJC_WEAK = YES;
				CLANG_WARN_BLOCK_CAPTURE_AUTORELEASING = YES;
				CLANG_WARN_BOOL_CONVERSION = YES;
				CLANG_WARN_COMMA = YES;
				CLANG_WARN_CONSTANT_CONVERSION = YES;
				CLANG_WARN_DEPRECATED_OBJC_IMPLEMENTATIONS = YES;
				CLANG_WARN_DIRECT_OBJC_ISA_USAGE = YES_ERROR;
				CLANG_WARN_DOCUMENTATION_COMMENTS = YES;
				CLANG_WARN_EMPTY_BODY = YES;
				CLANG_WARN_ENUM_CONVERSION = YES;
				CLANG_WARN_INFINITE_RECURSION = YES;
				CLANG_WARN_INT_CONVERSION = YES;
				CLANG_WARN_NON_LITERAL_NULL_CONVERSION = YES;
				CLANG_WARN_OBJC_IMPLICIT_RETAIN_SELF = YES;
				CLANG_WARN_OBJC_LITERAL_CONVERSION = YES;
				CLANG_WARN_OBJC_ROOT_CLASS = YES_ERROR;
				CLANG_WARN_RANGE_LOOP_ANALYSIS = YES;
				CLANG_WARN_STRICT_PROTOTYPES = YES;
				CLANG_WARN_SUSPICIOUS_MOVE = YES;
				CLANG_WARN_UNGUARDED_AVAILABILITY = YES_AGGRESSIVE;
				CLANG_WARN_UNREACHABLE_CODE = YES;
				CLANG_WARN__DUPLICATE_METHOD_MATCH = YES;
				CODE_SIGN_IDENTITY = "iPhone Developer";
				COPY_PHASE_STRIP = NO;
				DEBUG_INFORMATION_FORMAT = "dwarf-with-dsym";
				ENABLE_NS_ASSERTIONS = NO;
				ENABLE_STRICT_OBJC_MSGSEND = YES;
				GCC_C_LANGUAGE_STANDARD = gnu11;
				GCC_NO_COMMON_BLOCKS = YES;
				GCC_WARN_64_TO_32_BIT_CONVERSION = YES;
				GCC_WARN_ABOUT_RETURN_TYPE = YES_ERROR;
				GCC_WARN_UNDECLARED_SELECTOR = YES;
				GCC_WARN_UNINITIALIZED_AUTOS = YES_AGGRESSIVE;
				GCC_WARN_UNUSED_FUNCTION = YES;
				GCC_WARN_UNUSED_VARIABLE = YES;
				IPHONEOS_DEPLOYMENT_TARGET = 12.1;
				MTL_ENABLE_DEBUG_INFO = NO;
				MTL_FAST_MATH = YES;
				SDKROOT = iphoneos;
				SWIFT_COMPILATION_MODE = wholemodule;
				SWIFT_OPTIMIZATION_LEVEL = "-O";
				VALIDATE_PRODUCT = YES;
			};
			name = Release;
		};
		38DA1DE522665AFD001E2491 /* Debug */ = {
			isa = XCBuildConfiguration;
			buildSettings = {
				ASSETCATALOG_COMPILER_APPICON_NAME = AppIcon;
				CODE_SIGN_STYLE = Automatic;
				INFOPLIST_FILE = UsodeCoreData/Info.plist;
				LD_RUNPATH_SEARCH_PATHS = (
					"$(inherited)",
					"@executable_path/Frameworks",
				);
				PRODUCT_BUNDLE_IDENTIFIER = com.carlos.UsodeCoreData;
				PRODUCT_NAME = "$(TARGET_NAME)";
				SWIFT_VERSION = 4.2;
				TARGETED_DEVICE_FAMILY = "1,2";
			};
			name = Debug;
		};
		38DA1DE622665AFD001E2491 /* Release */ = {
			isa = XCBuildConfiguration;
			buildSettings = {
				ASSETCATALOG_COMPILER_APPICON_NAME = AppIcon;
				CODE_SIGN_STYLE = Automatic;
				INFOPLIST_FILE = UsodeCoreData/Info.plist;
				LD_RUNPATH_SEARCH_PATHS = (
					"$(inherited)",
					"@executable_path/Frameworks",
				);
				PRODUCT_BUNDLE_IDENTIFIER = com.carlos.UsodeCoreData;
				PRODUCT_NAME = "$(TARGET_NAME)";
				SWIFT_VERSION = 4.2;
				TARGETED_DEVICE_FAMILY = "1,2";
			};
			name = Release;
		};
/* End XCBuildConfiguration section */

/* Begin XCConfigurationList section */
		38DA1DCA22665AFC001E2491 /* Build configuration list for PBXProject "UsodeCoreData" */ = {
			isa = XCConfigurationList;
			buildConfigurations = (
				38DA1DE222665AFD001E2491 /* Debug */,
				38DA1DE322665AFD001E2491 /* Release */,
			);
			defaultConfigurationIsVisible = 0;
			defaultConfigurationName = Release;
		};
		38DA1DE422665AFD001E2491 /* Build configuration list for PBXNativeTarget "UsodeCoreData" */ = {
			isa = XCConfigurationList;
			buildConfigurations = (
				38DA1DE522665AFD001E2491 /* Debug */,
				38DA1DE622665AFD001E2491 /* Release */,
			);
			defaultConfigurationIsVisible = 0;
			defaultConfigurationName = Release;
		};
/* End XCConfigurationList section */

/* Begin XCVersionGroup section */
		38DA1DD922665AFC001E2491 /* UsodeCoreData.xcdatamodeld */ = {
			isa = XCVersionGroup;
			children = (
				38DA1DDA22665AFC001E2491 /* UsodeCoreData.xcdatamodel */,
			);
			currentVersion = 38DA1DDA22665AFC001E2491 /* UsodeCoreData.xcdatamodel */;
			path = UsodeCoreData.xcdatamodeld;
			sourceTree = "<group>";
			versionGroupType = wrapper.xcdatamodel;
		};
/* End XCVersionGroup section */
	};
	rootObject = 38DA1DC722665AFC001E2491 /* Project object */;
}
